
Microsoft Visual Studio Solution File, Format Version 12.00
# Visual Studio Version 18
VisualStudioVersion = 18.3.11222.16 d18.3
MinimumVisualStudioVersion = 10.0.40219.1
Project("{9A19103F-16F7-4668-BE54-9A1E7A4F7556}") = "Dietcode.Api.Core", "Dietcode.Api.Core\Dietcode.Api.Core.csproj", "{C38D0997-EC8F-4EA4-88CE-15B004818D0F}"
EndProject
Project("{9A19103F-16F7-4668-BE54-9A1E7A4F7556}") = "Dietcode.Api.Core.Results", "Dietcode.Api.Core.Results\Dietcode.Api.Core.Results.csproj", "{CF790A87-86F8-484F-B514-1F02D00E812B}"
EndProject
Project("{9A19103F-16F7-4668-BE54-9A1E7A4F7556}") = "Dietcode.Core.DomainValidator", "Dietcode.Core.DomainValidator\Dietcode.Core.DomainValidator.csproj", "{95FC6B96-EF4F-4877-92FF-19B9A7A2EC32}"
EndProject
Project("{9A19103F-16F7-4668-BE54-9A1E7A4F7556}") = "Dietcode.Core.Lib", "Dietcode.Core.Lib\Dietcode.Core.Lib.csproj", "{0338091C-24E7-4E8E-B8BD-AE1C1EFA1D8F}"
EndProject
Project("{9A19103F-16F7-4668-BE54-9A1E7A4F7556}") = "Dietcode.Database", "Dietcode.Database\Dietcode.Database.csproj", "{D535DDEB-3609-4BD3-B92E-568C79A68569}"
EndProject
Project("{FAE04EC0-301F-11D3-BF4B-00C04F79EFBC}") = "TestingDb", "TestingDb\TestingDb.csproj", "{95D882FA-4787-42C8-8171-6595924D3635}"
EndProject
Project("{FAE04EC0-301F-11D3-BF4B-00C04F79EFBC}") = "Dietcode.Core.Criptography", "Dietcode.Core.Criptography\Dietcode.Core.Criptography.csproj", "{6CCA8B1D-68CC-46CB-8708-A98B8E9C3806}"
EndProject
Project("{FAE04EC0-301F-11D3-BF4B-00C04F79EFBC}") = "TestingCripto", "TestingCripto\TestingCripto.csproj", "{218F8696-FCB9-40F0-AB7E-F93B5495BFDE}"
EndProject
Project("{FAE04EC0-301F-11D3-BF4B-00C04F79EFBC}") = "Dietcode.Database.Orm", "Dietcode.Database.Orm\Dietcode.Database.Orm.csproj", "{409B3EC1-D0BB-215C-660A-944DA9112F5E}"
EndProject
Project("{FAE04EC0-301F-11D3-BF4B-00C04F79EFBC}") = "Dietcode.Database.Domain", "Dietcode.Database.Domain\Dietcode.Database.Domain.csproj", "{A33C2163-AB68-D6FD-655C-87C729CB6773}"
EndProject
Project("{2150E333-8FDC-42A3-9474-1A3956D46DE8}") = "2 - Database", "2 - Database", "{02EA681E-C7D8-13C7-8484-4AC65E1B71E8}"
EndProject
Project("{2150E333-8FDC-42A3-9474-1A3956D46DE8}") = "0 - Rest Api", "0 - Rest Api", "{319490B0-D1E9-4810-B3F1-33F1E14B2554}"
EndProject
Project("{2150E333-8FDC-42A3-9474-1A3956D46DE8}") = "1 - Libs", "1 - Libs", "{E8D11812-D460-446D-910B-52D1345CC00F}"
EndProject
Project("{2150E333-8FDC-42A3-9474-1A3956D46DE8}") = "3 - Database.Net", "3 - Database.Net", "{558CEA04-F5A4-4FA7-AB37-FBE7D468FF6E}"
EndProject
Project("{2150E333-8FDC-42A3-9474-1A3956D46DE8}") = "99 - Others", "99 - Others", "{AB198C84-05C3-4B55-A359-E71EF46F288F}"
EndProject
Project("{FAE04EC0-301F-11D3-BF4B-00C04F79EFBC}") = "Dietcode.Database.Net.Orm", "Dietcode.Database.Net.Orm\Dietcode.Database.Net.Orm.csproj", "{A1AB0BF1-E101-4C49-B38F-5FAADBB5B116}"
EndProject
Project("{FAE04EC0-301F-11D3-BF4B-00C04F79EFBC}") = "Dietcode.Database.Net.Domain", "Dietcode.Database.Net.Domain\Dietcode.Database.Net.Domain.csproj", "{352D07D1-AAD8-4C4C-9FD3-D0B8DF61B36E}"
EndProject
Project("{2150E333-8FDC-42A3-9474-1A3956D46DE8}") = "2.1 - ORM", "2.1 - ORM", "{0FCC2A89-E6B3-4962-B7EE-32A3C6C771F6}"
EndProject
Project("{2150E333-8FDC-42A3-9474-1A3956D46DE8}") = "2.2 - Dapper Crud", "2.2 - Dapper Crud", "{2E51AAEF-63F9-4ED8-B93C-E1BA06376B87}"
EndProject
Project("{2150E333-8FDC-42A3-9474-1A3956D46DE8}") = "2.3 - No Context ORM", "2.3 - No Context ORM", "{16949489-4DA7-4ECE-8BEB-6175CDE7EB13}"
EndProject
Project("{2150E333-8FDC-42A3-9474-1A3956D46DE8}") = "Core", "Core", "{75EDF4F2-E6E7-4849-B1D5-D9DCF284B4AC}"
EndProject
Project("{2150E333-8FDC-42A3-9474-1A3956D46DE8}") = "Net", "Net", "{D637A937-E733-4FE3-B01A-5A9D0F72139D}"
EndProject
Project("{FAE04EC0-301F-11D3-BF4B-00C04F79EFBC}") = "Dietcode.Database.Classic", "Dietcode.Database.Classic\Dietcode.Database.Classic.csproj", "{8357B533-86DE-4EEE-A028-1FAA45314F00}"
EndProject
Project("{FAE04EC0-301F-11D3-BF4B-00C04F79EFBC}") = "ToolsTester", "ToolsTester\ToolsTester.csproj", "{01EDF7A5-7AA8-46AF-B5A1-0C2821187527}"
EndProject
Global
	GlobalSection(SolutionConfigurationPlatforms) = preSolution
		Debug|Any CPU = Debug|Any CPU
		Release|Any CPU = Release|Any CPU
	EndGlobalSection
	GlobalSection(ProjectConfigurationPlatforms) = postSolution
		{C38D0997-EC8F-4EA4-88CE-15B004818D0F}.Debug|Any CPU.ActiveCfg = Debug|Any CPU
		{C38D0997-EC8F-4EA4-88CE-15B004818D0F}.Debug|Any CPU.Build.0 = Debug|Any CPU
		{C38D0997-EC8F-4EA4-88CE-15B004818D0F}.Release|Any CPU.ActiveCfg = Release|Any CPU
		{C38D0997-EC8F-4EA4-88CE-15B004818D0F}.Release|Any CPU.Build.0 = Release|Any CPU
		{CF790A87-86F8-484F-B514-1F02D00E812B}.Debug|Any CPU.ActiveCfg = Debug|Any CPU
		{CF790A87-86F8-484F-B514-1F02D00E812B}.Debug|Any CPU.Build.0 = Debug|Any CPU
		{CF790A87-86F8-484F-B514-1F02D00E812B}.Release|Any CPU.ActiveCfg = Release|Any CPU
		{CF790A87-86F8-484F-B514-1F02D00E812B}.Release|Any CPU.Build.0 = Release|Any CPU
		{95FC6B96-EF4F-4877-92FF-19B9A7A2EC32}.Debug|Any CPU.ActiveCfg = Debug|Any CPU
		{95FC6B96-EF4F-4877-92FF-19B9A7A2EC32}.Debug|Any CPU.Build.0 = Debug|Any CPU
		{95FC6B96-EF4F-4877-92FF-19B9A7A2EC32}.Release|Any CPU.ActiveCfg = Release|Any CPU
		{95FC6B96-EF4F-4877-92FF-19B9A7A2EC32}.Release|Any CPU.Build.0 = Release|Any CPU
		{0338091C-24E7-4E8E-B8BD-AE1C1EFA1D8F}.Debug|Any CPU.ActiveCfg = Debug|Any CPU
		{0338091C-24E7-4E8E-B8BD-AE1C1EFA1D8F}.Debug|Any CPU.Build.0 = Debug|Any CPU
		{0338091C-24E7-4E8E-B8BD-AE1C1EFA1D8F}.Release|Any CPU.ActiveCfg = Release|Any CPU
		{0338091C-24E7-4E8E-B8BD-AE1C1EFA1D8F}.Release|Any CPU.Build.0 = Release|Any CPU
		{D535DDEB-3609-4BD3-B92E-568C79A68569}.Debug|Any CPU.ActiveCfg = Debug|Any CPU
		{D535DDEB-3609-4BD3-B92E-568C79A68569}.Debug|Any CPU.Build.0 = Debug|Any CPU
		{D535DDEB-3609-4BD3-B92E-568C79A68569}.Release|Any CPU.ActiveCfg = Release|Any CPU
		{D535DDEB-3609-4BD3-B92E-568C79A68569}.Release|Any CPU.Build.0 = Release|Any CPU
		{95D882FA-4787-42C8-8171-6595924D3635}.Debug|Any CPU.ActiveCfg = Debug|Any CPU
		{95D882FA-4787-42C8-8171-6595924D3635}.Debug|Any CPU.Build.0 = Debug|Any CPU
		{95D882FA-4787-42C8-8171-6595924D3635}.Release|Any CPU.ActiveCfg = Release|Any CPU
		{95D882FA-4787-42C8-8171-6595924D3635}.Release|Any CPU.Build.0 = Release|Any CPU
		{6CCA8B1D-68CC-46CB-8708-A98B8E9C3806}.Debug|Any CPU.ActiveCfg = Debug|Any CPU
		{6CCA8B1D-68CC-46CB-8708-A98B8E9C3806}.Debug|Any CPU.Build.0 = Debug|Any CPU
		{6CCA8B1D-68CC-46CB-8708-A98B8E9C3806}.Release|Any CPU.ActiveCfg = Release|Any CPU
		{6CCA8B1D-68CC-46CB-8708-A98B8E9C3806}.Release|Any CPU.Build.0 = Release|Any CPU
		{218F8696-FCB9-40F0-AB7E-F93B5495BFDE}.Debug|Any CPU.ActiveCfg = Debug|Any CPU
		{218F8696-FCB9-40F0-AB7E-F93B5495BFDE}.Debug|Any CPU.Build.0 = Debug|Any CPU
		{218F8696-FCB9-40F0-AB7E-F93B5495BFDE}.Release|Any CPU.ActiveCfg = Release|Any CPU
		{218F8696-FCB9-40F0-AB7E-F93B5495BFDE}.Release|Any CPU.Build.0 = Release|Any CPU
		{409B3EC1-D0BB-215C-660A-944DA9112F5E}.Debug|Any CPU.ActiveCfg = Debug|Any CPU
		{409B3EC1-D0BB-215C-660A-944DA9112F5E}.Debug|Any CPU.Build.0 = Debug|Any CPU
		{409B3EC1-D0BB-215C-660A-944DA9112F5E}.Release|Any CPU.ActiveCfg = Release|Any CPU
		{409B3EC1-D0BB-215C-660A-944DA9112F5E}.Release|Any CPU.Build.0 = Release|Any CPU
		{A33C2163-AB68-D6FD-655C-87C729CB6773}.Debug|Any CPU.ActiveCfg = Debug|Any CPU
		{A33C2163-AB68-D6FD-655C-87C729CB6773}.Debug|Any CPU.Build.0 = Debug|Any CPU
		{A33C2163-AB68-D6FD-655C-87C729CB6773}.Release|Any CPU.ActiveCfg = Release|Any CPU
		{A33C2163-AB68-D6FD-655C-87C729CB6773}.Release|Any CPU.Build.0 = Release|Any CPU
		{A1AB0BF1-E101-4C49-B38F-5FAADBB5B116}.Debug|Any CPU.ActiveCfg = Debug|Any CPU
		{A1AB0BF1-E101-4C49-B38F-5FAADBB5B116}.Debug|Any CPU.Build.0 = Debug|Any CPU
		{A1AB0BF1-E101-4C49-B38F-5FAADBB5B116}.Release|Any CPU.ActiveCfg = Release|Any CPU
		{A1AB0BF1-E101-4C49-B38F-5FAADBB5B116}.Release|Any CPU.Build.0 = Release|Any CPU
		{352D07D1-AAD8-4C4C-9FD3-D0B8DF61B36E}.Debug|Any CPU.ActiveCfg = Debug|Any CPU
		{352D07D1-AAD8-4C4C-9FD3-D0B8DF61B36E}.Debug|Any CPU.Build.0 = Debug|Any CPU
		{352D07D1-AAD8-4C4C-9FD3-D0B8DF61B36E}.Release|Any CPU.ActiveCfg = Release|Any CPU
		{352D07D1-AAD8-4C4C-9FD3-D0B8DF61B36E}.Release|Any CPU.Build.0 = Release|Any CPU
		{8357B533-86DE-4EEE-A028-1FAA45314F00}.Debug|Any CPU.ActiveCfg = Debug|Any CPU
		{8357B533-86DE-4EEE-A028-1FAA45314F00}.Debug|Any CPU.Build.0 = Debug|Any CPU
		{8357B533-86DE-4EEE-A028-1FAA45314F00}.Release|Any CPU.ActiveCfg = Release|Any CPU
		{8357B533-86DE-4EEE-A028-1FAA45314F00}.Release|Any CPU.Build.0 = Release|Any CPU
		{01EDF7A5-7AA8-46AF-B5A1-0C2821187527}.Debug|Any CPU.ActiveCfg = Debug|Any CPU
		{01EDF7A5-7AA8-46AF-B5A1-0C2821187527}.Debug|Any CPU.Build.0 = Debug|Any CPU
		{01EDF7A5-7AA8-46AF-B5A1-0C2821187527}.Release|Any CPU.ActiveCfg = Release|Any CPU
		{01EDF7A5-7AA8-46AF-B5A1-0C2821187527}.Release|Any CPU.Build.0 = Release|Any CPU
	EndGlobalSection
	GlobalSection(SolutionProperties) = preSolution
		HideSolutionNode = FALSE
	EndGlobalSection
	GlobalSection(NestedProjects) = preSolution
		{C38D0997-EC8F-4EA4-88CE-15B004818D0F} = {319490B0-D1E9-4810-B3F1-33F1E14B2554}
		{CF790A87-86F8-484F-B514-1F02D00E812B} = {319490B0-D1E9-4810-B3F1-33F1E14B2554}
		{95FC6B96-EF4F-4877-92FF-19B9A7A2EC32} = {E8D11812-D460-446D-910B-52D1345CC00F}
		{0338091C-24E7-4E8E-B8BD-AE1C1EFA1D8F} = {E8D11812-D460-446D-910B-52D1345CC00F}
		{D535DDEB-3609-4BD3-B92E-568C79A68569} = {2E51AAEF-63F9-4ED8-B93C-E1BA06376B87}
		{95D882FA-4787-42C8-8171-6595924D3635} = {AB198C84-05C3-4B55-A359-E71EF46F288F}
		{6CCA8B1D-68CC-46CB-8708-A98B8E9C3806} = {AB198C84-05C3-4B55-A359-E71EF46F288F}
		{218F8696-FCB9-40F0-AB7E-F93B5495BFDE} = {AB198C84-05C3-4B55-A359-E71EF46F288F}
		{409B3EC1-D0BB-215C-660A-944DA9112F5E} = {0FCC2A89-E6B3-4962-B7EE-32A3C6C771F6}
		{A33C2163-AB68-D6FD-655C-87C729CB6773} = {0FCC2A89-E6B3-4962-B7EE-32A3C6C771F6}
		{A1AB0BF1-E101-4C49-B38F-5FAADBB5B116} = {558CEA04-F5A4-4FA7-AB37-FBE7D468FF6E}
		{352D07D1-AAD8-4C4C-9FD3-D0B8DF61B36E} = {558CEA04-F5A4-4FA7-AB37-FBE7D468FF6E}
		{0FCC2A89-E6B3-4962-B7EE-32A3C6C771F6} = {02EA681E-C7D8-13C7-8484-4AC65E1B71E8}
		{2E51AAEF-63F9-4ED8-B93C-E1BA06376B87} = {02EA681E-C7D8-13C7-8484-4AC65E1B71E8}
		{16949489-4DA7-4ECE-8BEB-6175CDE7EB13} = {02EA681E-C7D8-13C7-8484-4AC65E1B71E8}
		{75EDF4F2-E6E7-4849-B1D5-D9DCF284B4AC} = {16949489-4DA7-4ECE-8BEB-6175CDE7EB13}
		{D637A937-E733-4FE3-B01A-5A9D0F72139D} = {16949489-4DA7-4ECE-8BEB-6175CDE7EB13}
		{8357B533-86DE-4EEE-A028-1FAA45314F00} = {75EDF4F2-E6E7-4849-B1D5-D9DCF284B4AC}
		{01EDF7A5-7AA8-46AF-B5A1-0C2821187527} = {AB198C84-05C3-4B55-A359-E71EF46F288F}
	EndGlobalSection
	GlobalSection(ExtensibilityGlobals) = postSolution
		SolutionGuid = {0ED78C3A-F78A-413C-870C-FE9FB681E5B6}
	EndGlobalSection
EndGlobal
