
Microsoft Visual Studio Solution File, Format Version 12.00
# Visual Studio Version 17
VisualStudioVersion = 17.3.32819.101
MinimumVisualStudioVersion = 10.0.40219.1
Project("{9A19103F-16F7-4668-BE54-9A1E7A4F7556}") = "Dietcode.Api.Core", "Dietcode.Api.Core\Dietcode.Api.Core.csproj", "{C38D0997-EC8F-4EA4-88CE-15B004818D0F}"
EndProject
Project("{9A19103F-16F7-4668-BE54-9A1E7A4F7556}") = "Dietcode.Api.Core.Results", "Dietcode.Api.Core.Results\Dietcode.Api.Core.Results.csproj", "{CF790A87-86F8-484F-B514-1F02D00E812B}"
EndProject
Project("{9A19103F-16F7-4668-BE54-9A1E7A4F7556}") = "Dietcode.Core.DomainValidator", "Dietcode.Core.DomainValidator\Dietcode.Core.DomainValidator.csproj", "{95FC6B96-EF4F-4877-92FF-19B9A7A2EC32}"
EndProject
Project("{9A19103F-16F7-4668-BE54-9A1E7A4F7556}") = "Dietcode.Core.Lib", "Dietcode.Core.Lib\Dietcode.Core.Lib.csproj", "{0338091C-24E7-4E8E-B8BD-AE1C1EFA1D8F}"
EndProject
Project("{9A19103F-16F7-4668-BE54-9A1E7A4F7556}") = "Dietcode.Database", "Dietcode.Database\Dietcode.Database.csproj", "{D535DDEB-3609-4BD3-B92E-568C79A68569}"
EndProject
Project("{FAE04EC0-301F-11D3-BF4B-00C04F79EFBC}") = "TestingDb", "TestingDb\TestingDb.csproj", "{95D882FA-4787-42C8-8171-6595924D3635}"
EndProject
Global
	GlobalSection(SolutionConfigurationPlatforms) = preSolution
		Debug|Any CPU = Debug|Any CPU
		Release|Any CPU = Release|Any CPU
	EndGlobalSection
	GlobalSection(ProjectConfigurationPlatforms) = postSolution
		{C38D0997-EC8F-4EA4-88CE-15B004818D0F}.Debug|Any CPU.ActiveCfg = Debug|Any CPU
		{C38D0997-EC8F-4EA4-88CE-15B004818D0F}.Debug|Any CPU.Build.0 = Debug|Any CPU
		{C38D0997-EC8F-4EA4-88CE-15B004818D0F}.Release|Any CPU.ActiveCfg = Release|Any CPU
		{C38D0997-EC8F-4EA4-88CE-15B004818D0F}.Release|Any CPU.Build.0 = Release|Any CPU
		{CF790A87-86F8-484F-B514-1F02D00E812B}.Debug|Any CPU.ActiveCfg = Debug|Any CPU
		{CF790A87-86F8-484F-B514-1F02D00E812B}.Debug|Any CPU.Build.0 = Debug|Any CPU
		{CF790A87-86F8-484F-B514-1F02D00E812B}.Release|Any CPU.ActiveCfg = Release|Any CPU
		{CF790A87-86F8-484F-B514-1F02D00E812B}.Release|Any CPU.Build.0 = Release|Any CPU
		{95FC6B96-EF4F-4877-92FF-19B9A7A2EC32}.Debug|Any CPU.ActiveCfg = Debug|Any CPU
		{95FC6B96-EF4F-4877-92FF-19B9A7A2EC32}.Debug|Any CPU.Build.0 = Debug|Any CPU
		{95FC6B96-EF4F-4877-92FF-19B9A7A2EC32}.Release|Any CPU.ActiveCfg = Release|Any CPU
		{95FC6B96-EF4F-4877-92FF-19B9A7A2EC32}.Release|Any CPU.Build.0 = Release|Any CPU
		{0338091C-24E7-4E8E-B8BD-AE1C1EFA1D8F}.Debug|Any CPU.ActiveCfg = Debug|Any CPU
		{0338091C-24E7-4E8E-B8BD-AE1C1EFA1D8F}.Debug|Any CPU.Build.0 = Debug|Any CPU
		{0338091C-24E7-4E8E-B8BD-AE1C1EFA1D8F}.Release|Any CPU.ActiveCfg = Release|Any CPU
		{0338091C-24E7-4E8E-B8BD-AE1C1EFA1D8F}.Release|Any CPU.Build.0 = Release|Any CPU
		{D535DDEB-3609-4BD3-B92E-568C79A68569}.Debug|Any CPU.ActiveCfg = Debug|Any CPU
		{D535DDEB-3609-4BD3-B92E-568C79A68569}.Debug|Any CPU.Build.0 = Debug|Any CPU
		{D535DDEB-3609-4BD3-B92E-568C79A68569}.Release|Any CPU.ActiveCfg = Release|Any CPU
		{D535DDEB-3609-4BD3-B92E-568C79A68569}.Release|Any CPU.Build.0 = Release|Any CPU
		{95D882FA-4787-42C8-8171-6595924D3635}.Debug|Any CPU.ActiveCfg = Debug|Any CPU
		{95D882FA-4787-42C8-8171-6595924D3635}.Debug|Any CPU.Build.0 = Debug|Any CPU
		{95D882FA-4787-42C8-8171-6595924D3635}.Release|Any CPU.ActiveCfg = Release|Any CPU
		{95D882FA-4787-42C8-8171-6595924D3635}.Release|Any CPU.Build.0 = Release|Any CPU
	EndGlobalSection
	GlobalSection(SolutionProperties) = preSolution
		HideSolutionNode = FALSE
	EndGlobalSection
	GlobalSection(ExtensibilityGlobals) = postSolution
		SolutionGuid = {0ED78C3A-F78A-413C-870C-FE9FB681E5B6}
	EndGlobalSection
EndGlobal
