
Microsoft Visual Studio Solution File, Format Version 12.00
# Visual Studio Version 17
VisualStudioVersion = 17.5.002.0
MinimumVisualStudioVersion = 10.0.40219.1
Project("{9A19103F-16F7-4668-BE54-9A1E7A4F7556}") = "Dietcode.Core.Lib", "Dietcode.Core.Lib.csproj", "{5B20C1D5-8066-4494-BDC1-89D54AD0FE72}"
EndProject
Global
	GlobalSection(SolutionConfigurationPlatforms) = preSolution
		Debug|Any CPU = Debug|Any CPU
		Release|Any CPU = Release|Any CPU
	EndGlobalSection
	GlobalSection(ProjectConfigurationPlatforms) = postSolution
		{5B20C1D5-8066-4494-BDC1-89D54AD0FE72}.Debug|Any CPU.ActiveCfg = Debug|Any CPU
		{5B20C1D5-8066-4494-BDC1-89D54AD0FE72}.Debug|Any CPU.Build.0 = Debug|Any CPU
		{5B20C1D5-8066-4494-BDC1-89D54AD0FE72}.Release|Any CPU.ActiveCfg = Release|Any CPU
		{5B20C1D5-8066-4494-BDC1-89D54AD0FE72}.Release|Any CPU.Build.0 = Release|Any CPU
	EndGlobalSection
	GlobalSection(SolutionProperties) = preSolution
		HideSolutionNode = FALSE
	EndGlobalSection
	GlobalSection(ExtensibilityGlobals) = postSolution
		SolutionGuid = {656D4923-53F1-408F-AF6F-47495A3105F8}
	EndGlobalSection
EndGlobal
